# This file is automatically @generated by Poetry 2.1.1 and should not be changed by hand.

[[package]]
name = "waitress"
version = "2.1.2"
description = "Waitress WSGI server"
optional = false
python-versions = ">=3.7.0"
groups = ["main"]
files = [
    {file = "waitress-2.1.2-py3-none-any.whl", hash = "sha256:7500c9625927c8ec60f54377d590f67b30c8e70ef4b8894214ac6e4cad233d2a"},
    {file = "waitress-2.1.2.tar.gz", hash = "sha256:780a4082c5fbc0fde6a2fcfe5e26e6efc1e8f425730863c04085769781f51eba"},
]

[package.extras]
docs = ["Sphinx (>=1.8.1)", "docutils", "pylons-sphinx-themes (>=1.0.9)"]
testing = ["coverage (>=5.0)", "pytest", "pytest-cover"]

[metadata]
lock-version = "2.1"
python-versions = ">=3.13"
content-hash = "40ece9e26b97d090e0362fcf5859ceae5bde42da8c4b9b118f177f53f8f51064"
